// !$*UTF8*$!
{
	archiveVersion = 1;
	classes = {
	};
	objectVersion = 50;
	objects = {

/* Begin PBXBuildFile section */
		EA8685D9246248130053298A /* AppDelegate.swift in Sources */ = {isa = PBXBuildFile; fileRef = EA8685D8246248130053298A /* AppDelegate.swift */; };
		EA8685DB246248130053298A /* SceneDelegate.swift in Sources */ = {isa = PBXBuildFile; fileRef = EA8685DA246248130053298A /* SceneDelegate.swift */; };
		EA8685DD246248130053298A /* ContentView.swift in Sources */ = {isa = PBXBuildFile; fileRef = EA8685DC246248130053298A /* ContentView.swift */; };
		EA8685DF246248150053298A /* Assets.xcassets in Resources */ = {isa = PBXBuildFile; fileRef = EA8685DE246248150053298A /* Assets.xcassets */; };
		EA8685E2246248150053298A /* Preview Assets.xcassets in Resources */ = {isa = PBXBuildFile; fileRef = EA8685E1246248150053298A /* Preview Assets.xcassets */; };
		EA8685E5246248150053298A /* LaunchScreen.storyboard in Resources */ = {isa = PBXBuildFile; fileRef = EA8685E3246248150053298A /* LaunchScreen.storyboard */; };
		EA8685EA246248150053298A /* TestUserDefaults WatchKit App.app in Embed Watch Content */ = {isa = PBXBuildFile; fileRef = EA8685E9246248150053298A /* TestUserDefaults WatchKit App.app */; settings = {ATTRIBUTES = (RemoveHeadersOnCopy, ); }; };
		EA8685F0246248150053298A /* Interface.storyboard in Resources */ = {isa = PBXBuildFile; fileRef = EA8685EE246248150053298A /* Interface.storyboard */; };
		EA8685F2246248160053298A /* Assets.xcassets in Resources */ = {isa = PBXBuildFile; fileRef = EA8685F1246248160053298A /* Assets.xcassets */; };
		EA8685F9246248160053298A /* TestUserDefaults WatchKit Extension.appex in Embed App Extensions */ = {isa = PBXBuildFile; fileRef = EA8685F8246248160053298A /* TestUserDefaults WatchKit Extension.appex */; settings = {ATTRIBUTES = (RemoveHeadersOnCopy, ); }; };
		EA8685FE246248160053298A /* ContentView.swift in Sources */ = {isa = PBXBuildFile; fileRef = EA8685FD246248160053298A /* ContentView.swift */; };
		EA868600246248160053298A /* HostingController.swift in Sources */ = {isa = PBXBuildFile; fileRef = EA8685FF246248160053298A /* HostingController.swift */; };
		EA868602246248160053298A /* ExtensionDelegate.swift in Sources */ = {isa = PBXBuildFile; fileRef = EA868601246248160053298A /* ExtensionDelegate.swift */; };
		EA868604246248170053298A /* Assets.xcassets in Resources */ = {isa = PBXBuildFile; fileRef = EA868603246248170053298A /* Assets.xcassets */; };
		EA868607246248170053298A /* Preview Assets.xcassets in Resources */ = {isa = PBXBuildFile; fileRef = EA868606246248170053298A /* Preview Assets.xcassets */; };
		EA868619246250210053298A /* Settings.swift in Sources */ = {isa = PBXBuildFile; fileRef = EA868618246250210053298A /* Settings.swift */; };
		EA86861A246253060053298A /* Settings.swift in Sources */ = {isa = PBXBuildFile; fileRef = EA868618246250210053298A /* Settings.swift */; };
/* End PBXBuildFile section */

/* Begin PBXContainerItemProxy section */
		EA8685EB246248150053298A /* PBXContainerItemProxy */ = {
			isa = PBXContainerItemProxy;
			containerPortal = EA8685CD246248130053298A /* Project object */;
			proxyType = 1;
			remoteGlobalIDString = EA8685E8246248150053298A;
			remoteInfo = "TestUserDefaults WatchKit App";
		};
		EA8685FA246248160053298A /* PBXContainerItemProxy */ = {
			isa = PBXContainerItemProxy;
			containerPortal = EA8685CD246248130053298A /* Project object */;
			proxyType = 1;
			remoteGlobalIDString = EA8685F7246248160053298A;
			remoteInfo = "TestUserDefaults WatchKit Extension";
		};
/* End PBXContainerItemProxy section */

/* Begin PBXCopyFilesBuildPhase section */
		EA86860E246248170053298A /* Embed App Extensions */ = {
			isa = PBXCopyFilesBuildPhase;
			buildActionMask = 2147483647;
			dstPath = "";
			dstSubfolderSpec = 13;
			files = (
				EA8685F9246248160053298A /* TestUserDefaults WatchKit Extension.appex in Embed App Extensions */,
			);
			name = "Embed App Extensions";
			runOnlyForDeploymentPostprocessing = 0;
		};
		EA868612246248170053298A /* Embed Watch Content */ = {
			isa = PBXCopyFilesBuildPhase;
			buildActionMask = 2147483647;
			dstPath = "$(CONTENTS_FOLDER_PATH)/Watch";
			dstSubfolderSpec = 16;
			files = (
				EA8685EA246248150053298A /* TestUserDefaults WatchKit App.app in Embed Watch Content */,
			);
			name = "Embed Watch Content";
			runOnlyForDeploymentPostprocessing = 0;
		};
/* End PBXCopyFilesBuildPhase section */

/* Begin PBXFileReference section */
		EA8685D5246248130053298A /* TestUserDefaults.app */ = {isa = PBXFileReference; explicitFileType = wrapper.application; includeInIndex = 0; path = TestUserDefaults.app; sourceTree = BUILT_PRODUCTS_DIR; };
		EA8685D8246248130053298A /* AppDelegate.swift */ = {isa = PBXFileReference; lastKnownFileType = sourcecode.swift; path = AppDelegate.swift; sourceTree = "<group>"; };
		EA8685DA246248130053298A /* SceneDelegate.swift */ = {isa = PBXFileReference; lastKnownFileType = sourcecode.swift; path = SceneDelegate.swift; sourceTree = "<group>"; };
		EA8685DC246248130053298A /* ContentView.swift */ = {isa = PBXFileReference; lastKnownFileType = sourcecode.swift; path = ContentView.swift; sourceTree = "<group>"; };
		EA8685DE246248150053298A /* Assets.xcassets */ = {isa = PBXFileReference; lastKnownFileType = folder.assetcatalog; path = Assets.xcassets; sourceTree = "<group>"; };
		EA8685E1246248150053298A /* Preview Assets.xcassets */ = {isa = PBXFileReference; lastKnownFileType = folder.assetcatalog; path = "Preview Assets.xcassets"; sourceTree = "<group>"; };
		EA8685E4246248150053298A /* Base */ = {isa = PBXFileReference; lastKnownFileType = file.storyboard; name = Base; path = Base.lproj/LaunchScreen.storyboard; sourceTree = "<group>"; };
		EA8685E6246248150053298A /* Info.plist */ = {isa = PBXFileReference; lastKnownFileType = text.plist.xml; path = Info.plist; sourceTree = "<group>"; };
		EA8685E9246248150053298A /* TestUserDefaults WatchKit App.app */ = {isa = PBXFileReference; explicitFileType = wrapper.application; includeInIndex = 0; path = "TestUserDefaults WatchKit App.app"; sourceTree = BUILT_PRODUCTS_DIR; };
		EA8685EF246248150053298A /* Base */ = {isa = PBXFileReference; lastKnownFileType = file.storyboard; name = Base; path = Base.lproj/Interface.storyboard; sourceTree = "<group>"; };
		EA8685F1246248160053298A /* Assets.xcassets */ = {isa = PBXFileReference; lastKnownFileType = folder.assetcatalog; path = Assets.xcassets; sourceTree = "<group>"; };
		EA8685F3246248160053298A /* Info.plist */ = {isa = PBXFileReference; lastKnownFileType = text.plist.xml; path = Info.plist; sourceTree = "<group>"; };
		EA8685F8246248160053298A /* TestUserDefaults WatchKit Extension.appex */ = {isa = PBXFileReference; explicitFileType = "wrapper.app-extension"; includeInIndex = 0; path = "TestUserDefaults WatchKit Extension.appex"; sourceTree = BUILT_PRODUCTS_DIR; };
		EA8685FD246248160053298A /* ContentView.swift */ = {isa = PBXFileReference; lastKnownFileType = sourcecode.swift; path = ContentView.swift; sourceTree = "<group>"; };
		EA8685FF246248160053298A /* HostingController.swift */ = {isa = PBXFileReference; lastKnownFileType = sourcecode.swift; path = HostingController.swift; sourceTree = "<group>"; };
		EA868601246248160053298A /* ExtensionDelegate.swift */ = {isa = PBXFileReference; lastKnownFileType = sourcecode.swift; path = ExtensionDelegate.swift; sourceTree = "<group>"; };
		EA868603246248170053298A /* Assets.xcassets */ = {isa = PBXFileReference; lastKnownFileType = folder.assetcatalog; path = Assets.xcassets; sourceTree = "<group>"; };
		EA868606246248170053298A /* Preview Assets.xcassets */ = {isa = PBXFileReference; lastKnownFileType = folder.assetcatalog; path = "Preview Assets.xcassets"; sourceTree = "<group>"; };
		EA868608246248170053298A /* Info.plist */ = {isa = PBXFileReference; lastKnownFileType = text.plist.xml; path = Info.plist; sourceTree = "<group>"; };
		EA86861624624AB40053298A /* TestUserDefaults.entitlements */ = {isa = PBXFileReference; lastKnownFileType = text.plist.entitlements; path = TestUserDefaults.entitlements; sourceTree = "<group>"; };
		EA86861724624BA40053298A /* TestUserDefaults WatchKit Extension.entitlements */ = {isa = PBXFileReference; lastKnownFileType = text.plist.entitlements; path = "TestUserDefaults WatchKit Extension.entitlements"; sourceTree = "<group>"; };
		EA868618246250210053298A /* Settings.swift */ = {isa = PBXFileReference; lastKnownFileType = sourcecode.swift; path = Settings.swift; sourceTree = "<group>"; };
/* End PBXFileReference section */

/* Begin PBXFrameworksBuildPhase section */
		EA8685D2246248130053298A /* Frameworks */ = {
			isa = PBXFrameworksBuildPhase;
			buildActionMask = 2147483647;
			files = (
			);
			runOnlyForDeploymentPostprocessing = 0;
		};
		EA8685F5246248160053298A /* Frameworks */ = {
			isa = PBXFrameworksBuildPhase;
			buildActionMask = 2147483647;
			files = (
			);
			runOnlyForDeploymentPostprocessing = 0;
		};
/* End PBXFrameworksBuildPhase section */

/* Begin PBXGroup section */
		EA8685CC246248130053298A = {
			isa = PBXGroup;
			children = (
				EA8685D7246248130053298A /* TestUserDefaults */,
				EA8685ED246248150053298A /* TestUserDefaults WatchKit App */,
				EA8685FC246248160053298A /* TestUserDefaults WatchKit Extension */,
				EA8685D6246248130053298A /* Products */,
			);
			sourceTree = "<group>";
		};
		EA8685D6246248130053298A /* Products */ = {
			isa = PBXGroup;
			children = (
				EA8685D5246248130053298A /* TestUserDefaults.app */,
				EA8685E9246248150053298A /* TestUserDefaults WatchKit App.app */,
				EA8685F8246248160053298A /* TestUserDefaults WatchKit Extension.appex */,
			);
			name = Products;
			sourceTree = "<group>";
		};
		EA8685D7246248130053298A /* TestUserDefaults */ = {
			isa = PBXGroup;
			children = (
				EA86861624624AB40053298A /* TestUserDefaults.entitlements */,
				EA868618246250210053298A /* Settings.swift */,
				EA8685DC246248130053298A /* ContentView.swift */,
				EA8685DA246248130053298A /* SceneDelegate.swift */,
				EA8685D8246248130053298A /* AppDelegate.swift */,
				EA8685DE246248150053298A /* Assets.xcassets */,
				EA8685E3246248150053298A /* LaunchScreen.storyboard */,
				EA8685E6246248150053298A /* Info.plist */,
				EA8685E0246248150053298A /* Preview Content */,
			);
			path = TestUserDefaults;
			sourceTree = "<group>";
		};
		EA8685E0246248150053298A /* Preview Content */ = {
			isa = PBXGroup;
			children = (
				EA8685E1246248150053298A /* Preview Assets.xcassets */,
			);
			path = "Preview Content";
			sourceTree = "<group>";
		};
		EA8685ED246248150053298A /* TestUserDefaults WatchKit App */ = {
			isa = PBXGroup;
			children = (
				EA8685EE246248150053298A /* Interface.storyboard */,
				EA8685F1246248160053298A /* Assets.xcassets */,
				EA8685F3246248160053298A /* Info.plist */,
			);
			path = "TestUserDefaults WatchKit App";
			sourceTree = "<group>";
		};
		EA8685FC246248160053298A /* TestUserDefaults WatchKit Extension */ = {
			isa = PBXGroup;
			children = (
				EA86861724624BA40053298A /* TestUserDefaults WatchKit Extension.entitlements */,
				EA8685FD246248160053298A /* ContentView.swift */,
				EA8685FF246248160053298A /* HostingController.swift */,
				EA868601246248160053298A /* ExtensionDelegate.swift */,
				EA868603246248170053298A /* Assets.xcassets */,
				EA868608246248170053298A /* Info.plist */,
				EA868605246248170053298A /* Preview Content */,
			);
			path = "TestUserDefaults WatchKit Extension";
			sourceTree = "<group>";
		};
		EA868605246248170053298A /* Preview Content */ = {
			isa = PBXGroup;
			children = (
				EA868606246248170053298A /* Preview Assets.xcassets */,
			);
			path = "Preview Content";
			sourceTree = "<group>";
		};
/* End PBXGroup section */

/* Begin PBXNativeTarget section */
		EA8685D4246248130053298A /* TestUserDefaults */ = {
			isa = PBXNativeTarget;
			buildConfigurationList = EA868613246248170053298A /* Build configuration list for PBXNativeTarget "TestUserDefaults" */;
			buildPhases = (
				EA8685D1246248130053298A /* Sources */,
				EA8685D2246248130053298A /* Frameworks */,
				EA8685D3246248130053298A /* Resources */,
				EA868612246248170053298A /* Embed Watch Content */,
			);
			buildRules = (
			);
			dependencies = (
				EA8685EC246248150053298A /* PBXTargetDependency */,
			);
			name = TestUserDefaults;
			productName = TestUserDefaults;
			productReference = EA8685D5246248130053298A /* TestUserDefaults.app */;
			productType = "com.apple.product-type.application";
		};
		EA8685E8246248150053298A /* TestUserDefaults WatchKit App */ = {
			isa = PBXNativeTarget;
			buildConfigurationList = EA86860F246248170053298A /* Build configuration list for PBXNativeTarget "TestUserDefaults WatchKit App" */;
			buildPhases = (
				EA8685E7246248150053298A /* Resources */,
				EA86860E246248170053298A /* Embed App Extensions */,
			);
			buildRules = (
			);
			dependencies = (
				EA8685FB246248160053298A /* PBXTargetDependency */,
			);
			name = "TestUserDefaults WatchKit App";
			productName = "TestUserDefaults WatchKit App";
			productReference = EA8685E9246248150053298A /* TestUserDefaults WatchKit App.app */;
			productType = "com.apple.product-type.application.watchapp2";
		};
		EA8685F7246248160053298A /* TestUserDefaults WatchKit Extension */ = {
			isa = PBXNativeTarget;
			buildConfigurationList = EA86860B246248170053298A /* Build configuration list for PBXNativeTarget "TestUserDefaults WatchKit Extension" */;
			buildPhases = (
				EA8685F4246248160053298A /* Sources */,
				EA8685F5246248160053298A /* Frameworks */,
				EA8685F6246248160053298A /* Resources */,
			);
			buildRules = (
			);
			dependencies = (
			);
			name = "TestUserDefaults WatchKit Extension";
			productName = "TestUserDefaults WatchKit Extension";
			productReference = EA8685F8246248160053298A /* TestUserDefaults WatchKit Extension.appex */;
			productType = "com.apple.product-type.watchkit2-extension";
		};
/* End PBXNativeTarget section */

/* Begin PBXProject section */
		EA8685CD246248130053298A /* Project object */ = {
			isa = PBXProject;
			attributes = {
				LastSwiftUpdateCheck = 1140;
				LastUpgradeCheck = 1140;
				ORGANIZATIONNAME = "Jacopo Mangiavacchi";
				TargetAttributes = {
					EA8685D4246248130053298A = {
						CreatedOnToolsVersion = 11.4;
					};
					EA8685E8246248150053298A = {
						CreatedOnToolsVersion = 11.4;
					};
					EA8685F7246248160053298A = {
						CreatedOnToolsVersion = 11.4;
					};
				};
			};
			buildConfigurationList = EA8685D0246248130053298A /* Build configuration list for PBXProject "TestUserDefaults" */;
			compatibilityVersion = "Xcode 9.3";
			developmentRegion = en;
			hasScannedForEncodings = 0;
			knownRegions = (
				en,
				Base,
			);
			mainGroup = EA8685CC246248130053298A;
			productRefGroup = EA8685D6246248130053298A /* Products */;
			projectDirPath = "";
			projectRoot = "";
			targets = (
				EA8685D4246248130053298A /* TestUserDefaults */,
				EA8685E8246248150053298A /* TestUserDefaults WatchKit App */,
				EA8685F7246248160053298A /* TestUserDefaults WatchKit Extension */,
			);
		};
/* End PBXProject section */

/* Begin PBXResourcesBuildPhase section */
		EA8685D3246248130053298A /* Resources */ = {
			isa = PBXResourcesBuildPhase;
			buildActionMask = 2147483647;
			files = (
				EA8685E5246248150053298A /* LaunchScreen.storyboard in Resources */,
				EA8685E2246248150053298A /* Preview Assets.xcassets in Resources */,
				EA8685DF246248150053298A /* Assets.xcassets in Resources */,
			);
			runOnlyForDeploymentPostprocessing = 0;
		};
		EA8685E7246248150053298A /* Resources */ = {
			isa = PBXResourcesBuildPhase;
			buildActionMask = 2147483647;
			files = (
				EA8685F2246248160053298A /* Assets.xcassets in Resources */,
				EA8685F0246248150053298A /* Interface.storyboard in Resources */,
			);
			runOnlyForDeploymentPostprocessing = 0;
		};
		EA8685F6246248160053298A /* Resources */ = {
			isa = PBXResourcesBuildPhase;
			buildActionMask = 2147483647;
			files = (
				EA868607246248170053298A /* Preview Assets.xcassets in Resources */,
				EA868604246248170053298A /* Assets.xcassets in Resources */,
			);
			runOnlyForDeploymentPostprocessing = 0;
		};
/* End PBXResourcesBuildPhase section */

/* Begin PBXSourcesBuildPhase section */
		EA8685D1246248130053298A /* Sources */ = {
			isa = PBXSourcesBuildPhase;
			buildActionMask = 2147483647;
			files = (
				EA8685D9246248130053298A /* AppDelegate.swift in Sources */,
				EA8685DB246248130053298A /* SceneDelegate.swift in Sources */,
				EA868619246250210053298A /* Settings.swift in Sources */,
				EA8685DD246248130053298A /* ContentView.swift in Sources */,
			);
			runOnlyForDeploymentPostprocessing = 0;
		};
		EA8685F4246248160053298A /* Sources */ = {
			isa = PBXSourcesBuildPhase;
			buildActionMask = 2147483647;
			files = (
				EA868600246248160053298A /* HostingController.swift in Sources */,
				EA8685FE246248160053298A /* ContentView.swift in Sources */,
				EA86861A246253060053298A /* Settings.swift in Sources */,
				EA868602246248160053298A /* ExtensionDelegate.swift in Sources */,
			);
			runOnlyForDeploymentPostprocessing = 0;
		};
/* End PBXSourcesBuildPhase section */

/* Begin PBXTargetDependency section */
		EA8685EC246248150053298A /* PBXTargetDependency */ = {
			isa = PBXTargetDependency;
			target = EA8685E8246248150053298A /* TestUserDefaults WatchKit App */;
			targetProxy = EA8685EB246248150053298A /* PBXContainerItemProxy */;
		};
		EA8685FB246248160053298A /* PBXTargetDependency */ = {
			isa = PBXTargetDependency;
			target = EA8685F7246248160053298A /* TestUserDefaults WatchKit Extension */;
			targetProxy = EA8685FA246248160053298A /* PBXContainerItemProxy */;
		};
/* End PBXTargetDependency section */

/* Begin PBXVariantGroup section */
		EA8685E3246248150053298A /* LaunchScreen.storyboard */ = {
			isa = PBXVariantGroup;
			children = (
				EA8685E4246248150053298A /* Base */,
			);
			name = LaunchScreen.storyboard;
			sourceTree = "<group>";
		};
		EA8685EE246248150053298A /* Interface.storyboard */ = {
			isa = PBXVariantGroup;
			children = (
				EA8685EF246248150053298A /* Base */,
			);
			name = Interface.storyboard;
			sourceTree = "<group>";
		};
/* End PBXVariantGroup section */

/* Begin XCBuildConfiguration section */
		EA868609246248170053298A /* Debug */ = {
			isa = XCBuildConfiguration;
			buildSettings = {
				ALWAYS_SEARCH_USER_PATHS = NO;
				CLANG_ANALYZER_NONNULL = YES;
				CLANG_ANALYZER_NUMBER_OBJECT_CONVERSION = YES_AGGRESSIVE;
				CLANG_CXX_LANGUAGE_STANDARD = "gnu++14";
				CLANG_CXX_LIBRARY = "libc++";
				CLANG_ENABLE_MODULES = YES;
				CLANG_ENABLE_OBJC_ARC = YES;
				CLANG_ENABLE_OBJC_WEAK = YES;
				CLANG_WARN_BLOCK_CAPTURE_AUTORELEASING = YES;
				CLANG_WARN_BOOL_CONVERSION = YES;
				CLANG_WARN_COMMA = YES;
				CLANG_WARN_CONSTANT_CONVERSION = YES;
				CLANG_WARN_DEPRECATED_OBJC_IMPLEMENTATIONS = YES;
				CLANG_WARN_DIRECT_OBJC_ISA_USAGE = YES_ERROR;
				CLANG_WARN_DOCUMENTATION_COMMENTS = YES;
				CLANG_WARN_EMPTY_BODY = YES;
				CLANG_WARN_ENUM_CONVERSION = YES;
				CLANG_WARN_INFINITE_RECURSION = YES;
				CLANG_WARN_INT_CONVERSION = YES;
				CLANG_WARN_NON_LITERAL_NULL_CONVERSION = YES;
				CLANG_WARN_OBJC_IMPLICIT_RETAIN_SELF = YES;
				CLANG_WARN_OBJC_LITERAL_CONVERSION = YES;
				CLANG_WARN_OBJC_ROOT_CLASS = YES_ERROR;
				CLANG_WARN_RANGE_LOOP_ANALYSIS = YES;
				CLANG_WARN_STRICT_PROTOTYPES = YES;
				CLANG_WARN_SUSPICIOUS_MOVE = YES;
				CLANG_WARN_UNGUARDED_AVAILABILITY = YES_AGGRESSIVE;
				CLANG_WARN_UNREACHABLE_CODE = YES;
				CLANG_WARN__DUPLICATE_METHOD_MATCH = YES;
				COPY_PHASE_STRIP = NO;
				DEBUG_INFORMATION_FORMAT = dwarf;
				ENABLE_STRICT_OBJC_MSGSEND = YES;
				ENABLE_TESTABILITY = YES;
				GCC_C_LANGUAGE_STANDARD = gnu11;
				GCC_DYNAMIC_NO_PIC = NO;
				GCC_NO_COMMON_BLOCKS = YES;
				GCC_OPTIMIZATION_LEVEL = 0;
				GCC_PREPROCESSOR_DEFINITIONS = (
					"DEBUG=1",
					"$(inherited)",
				);
				GCC_WARN_64_TO_32_BIT_CONVERSION = YES;
				GCC_WARN_ABOUT_RETURN_TYPE = YES_ERROR;
				GCC_WARN_UNDECLARED_SELECTOR = YES;
				GCC_WARN_UNINITIALIZED_AUTOS = YES_AGGRESSIVE;
				GCC_WARN_UNUSED_FUNCTION = YES;
				GCC_WARN_UNUSED_VARIABLE = YES;
				IPHONEOS_DEPLOYMENT_TARGET = 13.4;
				MTL_ENABLE_DEBUG_INFO = INCLUDE_SOURCE;
				MTL_FAST_MATH = YES;
				ONLY_ACTIVE_ARCH = YES;
				SDKROOT = iphoneos;
				SWIFT_ACTIVE_COMPILATION_CONDITIONS = DEBUG;
				SWIFT_OPTIMIZATION_LEVEL = "-Onone";
			};
			name = Debug;
		};
		EA86860A246248170053298A /* Release */ = {
			isa = XCBuildConfiguration;
			buildSettings = {
				ALWAYS_SEARCH_USER_PATHS = NO;
				CLANG_ANALYZER_NONNULL = YES;
				CLANG_ANALYZER_NUMBER_OBJECT_CONVERSION = YES_AGGRESSIVE;
				CLANG_CXX_LANGUAGE_STANDARD = "gnu++14";
				CLANG_CXX_LIBRARY = "libc++";
				CLANG_ENABLE_MODULES = YES;
				CLANG_ENABLE_OBJC_ARC = YES;
				CLANG_ENABLE_OBJC_WEAK = YES;
				CLANG_WARN_BLOCK_CAPTURE_AUTORELEASING = YES;
				CLANG_WARN_BOOL_CONVERSION = YES;
				CLANG_WARN_COMMA = YES;
				CLANG_WARN_CONSTANT_CONVERSION = YES;
				CLANG_WARN_DEPRECATED_OBJC_IMPLEMENTATIONS = YES;
				CLANG_WARN_DIRECT_OBJC_ISA_USAGE = YES_ERROR;
				CLANG_WARN_DOCUMENTATION_COMMENTS = YES;
				CLANG_WARN_EMPTY_BODY = YES;
				CLANG_WARN_ENUM_CONVERSION = YES;
				CLANG_WARN_INFINITE_RECURSION = YES;
				CLANG_WARN_INT_CONVERSION = YES;
				CLANG_WARN_NON_LITERAL_NULL_CONVERSION = YES;
				CLANG_WARN_OBJC_IMPLICIT_RETAIN_SELF = YES;
				CLANG_WARN_OBJC_LITERAL_CONVERSION = YES;
				CLANG_WARN_OBJC_ROOT_CLASS = YES_ERROR;
				CLANG_WARN_RANGE_LOOP_ANALYSIS = YES;
				CLANG_WARN_STRICT_PROTOTYPES = YES;
				CLANG_WARN_SUSPICIOUS_MOVE = YES;
				CLANG_WARN_UNGUARDED_AVAILABILITY = YES_AGGRESSIVE;
				CLANG_WARN_UNREACHABLE_CODE = YES;
				CLANG_WARN__DUPLICATE_METHOD_MATCH = YES;
				COPY_PHASE_STRIP = NO;
				DEBUG_INFORMATION_FORMAT = "dwarf-with-dsym";
				ENABLE_NS_ASSERTIONS = NO;
				ENABLE_STRICT_OBJC_MSGSEND = YES;
				GCC_C_LANGUAGE_STANDARD = gnu11;
				GCC_NO_COMMON_BLOCKS = YES;
				GCC_WARN_64_TO_32_BIT_CONVERSION = YES;
				GCC_WARN_ABOUT_RETURN_TYPE = YES_ERROR;
				GCC_WARN_UNDECLARED_SELECTOR = YES;
				GCC_WARN_UNINITIALIZED_AUTOS = YES_AGGRESSIVE;
				GCC_WARN_UNUSED_FUNCTION = YES;
				GCC_WARN_UNUSED_VARIABLE = YES;
				IPHONEOS_DEPLOYMENT_TARGET = 13.4;
				MTL_ENABLE_DEBUG_INFO = NO;
				MTL_FAST_MATH = YES;
				SDKROOT = iphoneos;
				SWIFT_COMPILATION_MODE = wholemodule;
				SWIFT_OPTIMIZATION_LEVEL = "-O";
				VALIDATE_PRODUCT = YES;
			};
			name = Release;
		};
		EA86860C246248170053298A /* Debug */ = {
			isa = XCBuildConfiguration;
			buildSettings = {
				ASSETCATALOG_COMPILER_COMPLICATION_NAME = Complication;
				CODE_SIGN_ENTITLEMENTS = "TestUserDefaults WatchKit Extension/TestUserDefaults WatchKit Extension.entitlements";
				CODE_SIGN_STYLE = Automatic;
				DEVELOPMENT_ASSET_PATHS = "\"TestUserDefaults WatchKit Extension/Preview Content\"";
				DEVELOPMENT_TEAM = SV6W498A95;
				ENABLE_PREVIEWS = YES;
				INFOPLIST_FILE = "TestUserDefaults WatchKit Extension/Info.plist";
				LD_RUNPATH_SEARCH_PATHS = (
					"$(inherited)",
					"@executable_path/Frameworks",
					"@executable_path/../../Frameworks",
				);
				PRODUCT_BUNDLE_IDENTIFIER = com.jacopomangiavacchi.TestUserDefaults.watchkitapp.watchkitextension;
				PRODUCT_NAME = "${TARGET_NAME}";
				SDKROOT = watchos;
				SKIP_INSTALL = YES;
				SWIFT_VERSION = 5.0;
				TARGETED_DEVICE_FAMILY = 4;
				WATCHOS_DEPLOYMENT_TARGET = 6.2;
			};
			name = Debug;
		};
		EA86860D246248170053298A /* Release */ = {
			isa = XCBuildConfiguration;
			buildSettings = {
				ASSETCATALOG_COMPILER_COMPLICATION_NAME = Complication;
				CODE_SIGN_ENTITLEMENTS = "TestUserDefaults WatchKit Extension/TestUserDefaults WatchKit Extension.entitlements";
				CODE_SIGN_STYLE = Automatic;
				DEVELOPMENT_ASSET_PATHS = "\"TestUserDefaults WatchKit Extension/Preview Content\"";
				DEVELOPMENT_TEAM = SV6W498A95;
				ENABLE_PREVIEWS = YES;
				INFOPLIST_FILE = "TestUserDefaults WatchKit Extension/Info.plist";
				LD_RUNPATH_SEARCH_PATHS = (
					"$(inherited)",
					"@executable_path/Frameworks",
					"@executable_path/../../Frameworks",
				);
				PRODUCT_BUNDLE_IDENTIFIER = com.jacopomangiavacchi.TestUserDefaults.watchkitapp.watchkitextension;
				PRODUCT_NAME = "${TARGET_NAME}";
				SDKROOT = watchos;
				SKIP_INSTALL = YES;
				SWIFT_VERSION = 5.0;
				TARGETED_DEVICE_FAMILY = 4;
				WATCHOS_DEPLOYMENT_TARGET = 6.2;
			};
			name = Release;
		};
		EA868610246248170053298A /* Debug */ = {
			isa = XCBuildConfiguration;
			buildSettings = {
				ALWAYS_EMBED_SWIFT_STANDARD_LIBRARIES = YES;
				ASSETCATALOG_COMPILER_APPICON_NAME = AppIcon;
				CODE_SIGN_STYLE = Automatic;
				DEVELOPMENT_TEAM = SV6W498A95;
				IBSC_MODULE = TestUserDefaults_WatchKit_Extension;
				INFOPLIST_FILE = "TestUserDefaults WatchKit App/Info.plist";
				PRODUCT_BUNDLE_IDENTIFIER = com.jacopomangiavacchi.TestUserDefaults.watchkitapp;
				PRODUCT_NAME = "$(TARGET_NAME)";
				SDKROOT = watchos;
				SKIP_INSTALL = YES;
				SWIFT_VERSION = 5.0;
				TARGETED_DEVICE_FAMILY = 4;
				WATCHOS_DEPLOYMENT_TARGET = 6.2;
			};
			name = Debug;
		};
		EA868611246248170053298A /* Release */ = {
			isa = XCBuildConfiguration;
			buildSettings = {
				ALWAYS_EMBED_SWIFT_STANDARD_LIBRARIES = YES;
				ASSETCATALOG_COMPILER_APPICON_NAME = AppIcon;
				CODE_SIGN_STYLE = Automatic;
				DEVELOPMENT_TEAM = SV6W498A95;
				IBSC_MODULE = TestUserDefaults_WatchKit_Extension;
				INFOPLIST_FILE = "TestUserDefaults WatchKit App/Info.plist";
				PRODUCT_BUNDLE_IDENTIFIER = com.jacopomangiavacchi.TestUserDefaults.watchkitapp;
				PRODUCT_NAME = "$(TARGET_NAME)";
				SDKROOT = watchos;
				SKIP_INSTALL = YES;
				SWIFT_VERSION = 5.0;
				TARGETED_DEVICE_FAMILY = 4;
				WATCHOS_DEPLOYMENT_TARGET = 6.2;
			};
			name = Release;
		};
		EA868614246248170053298A /* Debug */ = {
			isa = XCBuildConfiguration;
			buildSettings = {
				ASSETCATALOG_COMPILER_APPICON_NAME = AppIcon;
				CODE_SIGN_ENTITLEMENTS = TestUserDefaults/TestUserDefaults.entitlements;
				CODE_SIGN_STYLE = Automatic;
				DEVELOPMENT_ASSET_PATHS = "\"TestUserDefaults/Preview Content\"";
				DEVELOPMENT_TEAM = SV6W498A95;
				ENABLE_PREVIEWS = YES;
				INFOPLIST_FILE = TestUserDefaults/Info.plist;
				LD_RUNPATH_SEARCH_PATHS = (
					"$(inherited)",
					"@executable_path/Frameworks",
				);
				PRODUCT_BUNDLE_IDENTIFIER = com.jacopomangiavacchi.TestUserDefaults;
				PRODUCT_NAME = "$(TARGET_NAME)";
				SWIFT_VERSION = 5.0;
				TARGETED_DEVICE_FAMILY = "1,2";
			};
			name = Debug;
		};
		EA868615246248170053298A /* Release */ = {
			isa = XCBuildConfiguration;
			buildSettings = {
				ASSETCATALOG_COMPILER_APPICON_NAME = AppIcon;
				CODE_SIGN_ENTITLEMENTS = TestUserDefaults/TestUserDefaults.entitlements;
				CODE_SIGN_STYLE = Automatic;
				DEVELOPMENT_ASSET_PATHS = "\"TestUserDefaults/Preview Content\"";
				DEVELOPMENT_TEAM = SV6W498A95;
				ENABLE_PREVIEWS = YES;
				INFOPLIST_FILE = TestUserDefaults/Info.plist;
				LD_RUNPATH_SEARCH_PATHS = (
					"$(inherited)",
					"@executable_path/Frameworks",
				);
				PRODUCT_BUNDLE_IDENTIFIER = com.jacopomangiavacchi.TestUserDefaults;
				PRODUCT_NAME = "$(TARGET_NAME)";
				SWIFT_VERSION = 5.0;
				TARGETED_DEVICE_FAMILY = "1,2";
			};
			name = Release;
		};
/* End XCBuildConfiguration section */

/* Begin XCConfigurationList section */
		EA8685D0246248130053298A /* Build configuration list for PBXProject "TestUserDefaults" */ = {
			isa = XCConfigurationList;
			buildConfigurations = (
				EA868609246248170053298A /* Debug */,
				EA86860A246248170053298A /* Release */,
			);
			defaultConfigurationIsVisible = 0;
			defaultConfigurationName = Release;
		};
		EA86860B246248170053298A /* Build configuration list for PBXNativeTarget "TestUserDefaults WatchKit Extension" */ = {
			isa = XCConfigurationList;
			buildConfigurations = (
				EA86860C246248170053298A /* Debug */,
				EA86860D246248170053298A /* Release */,
			);
			defaultConfigurationIsVisible = 0;
			defaultConfigurationName = Release;
		};
		EA86860F246248170053298A /* Build configuration list for PBXNativeTarget "TestUserDefaults WatchKit App" */ = {
			isa = XCConfigurationList;
			buildConfigurations = (
				EA868610246248170053298A /* Debug */,
				EA868611246248170053298A /* Release */,
			);
			defaultConfigurationIsVisible = 0;
			defaultConfigurationName = Release;
		};
		EA868613246248170053298A /* Build configuration list for PBXNativeTarget "TestUserDefaults" */ = {
			isa = XCConfigurationList;
			buildConfigurations = (
				EA868614246248170053298A /* Debug */,
				EA868615246248170053298A /* Release */,
			);
			defaultConfigurationIsVisible = 0;
			defaultConfigurationName = Release;
		};
/* End XCConfigurationList section */
	};
	rootObject = EA8685CD246248130053298A /* Project object */;
}
